
Microsoft Visual Studio Solution File, Format Version 12.00
# Visual Studio Version 17
VisualStudioVersion = 17.10.35122.118
MinimumVisualStudioVersion = 10.0.40219.1
Project("{FAE04EC0-301F-11D3-BF4B-00C04F79EFBC}") = "TheMealDB_Api", "TheMealDB_Api\TheMealDB_Api.csproj", "{D1F34DDB-0BC8-4420-AE8A-A3E2C2970349}"
EndProject
Project("{FAE04EC0-301F-11D3-BF4B-00C04F79EFBC}") = "TheMealDb_Core", "TheMealDb_Core\TheMealDb_Core.csproj", "{3802CCE4-E289-4CC6-9CC1-5BDBA7D6F2BA}"
EndProject
Project("{FAE04EC0-301F-11D3-BF4B-00C04F79EFBC}") = "TheMealDb_Infrastructure", "TheMealDb_Infrastructure\TheMealDb_Infrastructure.csproj", "{D901450D-506A-468D-9E4D-C3E31BA1AF3B}"
EndProject
Global
	GlobalSection(SolutionConfigurationPlatforms) = preSolution
		Debug|Any CPU = Debug|Any CPU
		Release|Any CPU = Release|Any CPU
	EndGlobalSection
	GlobalSection(ProjectConfigurationPlatforms) = postSolution
		{D1F34DDB-0BC8-4420-AE8A-A3E2C2970349}.Debug|Any CPU.ActiveCfg = Debug|Any CPU
		{D1F34DDB-0BC8-4420-AE8A-A3E2C2970349}.Debug|Any CPU.Build.0 = Debug|Any CPU
		{D1F34DDB-0BC8-4420-AE8A-A3E2C2970349}.Release|Any CPU.ActiveCfg = Release|Any CPU
		{D1F34DDB-0BC8-4420-AE8A-A3E2C2970349}.Release|Any CPU.Build.0 = Release|Any CPU
		{3802CCE4-E289-4CC6-9CC1-5BDBA7D6F2BA}.Debug|Any CPU.ActiveCfg = Debug|Any CPU
		{3802CCE4-E289-4CC6-9CC1-5BDBA7D6F2BA}.Debug|Any CPU.Build.0 = Debug|Any CPU
		{3802CCE4-E289-4CC6-9CC1-5BDBA7D6F2BA}.Release|Any CPU.ActiveCfg = Release|Any CPU
		{3802CCE4-E289-4CC6-9CC1-5BDBA7D6F2BA}.Release|Any CPU.Build.0 = Release|Any CPU
		{D901450D-506A-468D-9E4D-C3E31BA1AF3B}.Debug|Any CPU.ActiveCfg = Debug|Any CPU
		{D901450D-506A-468D-9E4D-C3E31BA1AF3B}.Debug|Any CPU.Build.0 = Debug|Any CPU
		{D901450D-506A-468D-9E4D-C3E31BA1AF3B}.Release|Any CPU.ActiveCfg = Release|Any CPU
		{D901450D-506A-468D-9E4D-C3E31BA1AF3B}.Release|Any CPU.Build.0 = Release|Any CPU
	EndGlobalSection
	GlobalSection(SolutionProperties) = preSolution
		HideSolutionNode = FALSE
	EndGlobalSection
	GlobalSection(ExtensibilityGlobals) = postSolution
		SolutionGuid = {8DEE8506-81EB-4E92-B0D9-EA0DB5A0BC73}
	EndGlobalSection
EndGlobal
